
Microsoft Visual Studio Solution File, Format Version 12.00
# Visual Studio 15
VisualStudioVersion = 15.0.28307.1000
MinimumVisualStudioVersion = 10.0.40219.1
Project("{FAE04EC0-301F-11D3-BF4B-00C04F79EFBC}") = "Pocket_Pantry.Android", "Pocket_Pantry\Pocket_Pantry.Android\Pocket_Pantry.Android.csproj", "{E80B1495-52E9-47B7-AD67-C1E25FE82204}"
EndProject
Project("{FAE04EC0-301F-11D3-BF4B-00C04F79EFBC}") = "Pocket_Pantry.iOS", "Pocket_Pantry\Pocket_Pantry.iOS\Pocket_Pantry.iOS.csproj", "{DB7DDABD-A1B7-4BBE-BA5B-4AC4352914DE}"
EndProject
Project("{FAE04EC0-301F-11D3-BF4B-00C04F79EFBC}") = "Pocket_Pantry", "Pocket_Pantry\Pocket_Pantry\Pocket_Pantry.csproj", "{C1520C62-C01F-4F46-B29E-E8E91EEA71C6}"
EndProject
Global
	GlobalSection(SolutionConfigurationPlatforms) = preSolution
		Ad-Hoc|Any CPU = Ad-Hoc|Any CPU
		Ad-Hoc|iPhone = Ad-Hoc|iPhone
		Ad-Hoc|iPhoneSimulator = Ad-Hoc|iPhoneSimulator
		AppStore|Any CPU = AppStore|Any CPU
		AppStore|iPhone = AppStore|iPhone
		AppStore|iPhoneSimulator = AppStore|iPhoneSimulator
		Debug|Any CPU = Debug|Any CPU
		Debug|iPhone = Debug|iPhone
		Debug|iPhoneSimulator = Debug|iPhoneSimulator
		Release|Any CPU = Release|Any CPU
		Release|iPhone = Release|iPhone
		Release|iPhoneSimulator = Release|iPhoneSimulator
	EndGlobalSection
	GlobalSection(ProjectConfigurationPlatforms) = postSolution
		{E80B1495-52E9-47B7-AD67-C1E25FE82204}.Ad-Hoc|Any CPU.ActiveCfg = Release|Any CPU
		{E80B1495-52E9-47B7-AD67-C1E25FE82204}.Ad-Hoc|Any CPU.Build.0 = Release|Any CPU
		{E80B1495-52E9-47B7-AD67-C1E25FE82204}.Ad-Hoc|Any CPU.Deploy.0 = Release|Any CPU
		{E80B1495-52E9-47B7-AD67-C1E25FE82204}.Ad-Hoc|iPhone.ActiveCfg = Release|Any CPU
		{E80B1495-52E9-47B7-AD67-C1E25FE82204}.Ad-Hoc|iPhone.Build.0 = Release|Any CPU
		{E80B1495-52E9-47B7-AD67-C1E25FE82204}.Ad-Hoc|iPhone.Deploy.0 = Release|Any CPU
		{E80B1495-52E9-47B7-AD67-C1E25FE82204}.Ad-Hoc|iPhoneSimulator.ActiveCfg = Release|Any CPU
		{E80B1495-52E9-47B7-AD67-C1E25FE82204}.Ad-Hoc|iPhoneSimulator.Build.0 = Release|Any CPU
		{E80B1495-52E9-47B7-AD67-C1E25FE82204}.Ad-Hoc|iPhoneSimulator.Deploy.0 = Release|Any CPU
		{E80B1495-52E9-47B7-AD67-C1E25FE82204}.AppStore|Any CPU.ActiveCfg = Release|Any CPU
		{E80B1495-52E9-47B7-AD67-C1E25FE82204}.AppStore|Any CPU.Build.0 = Release|Any CPU
		{E80B1495-52E9-47B7-AD67-C1E25FE82204}.AppStore|Any CPU.Deploy.0 = Release|Any CPU
		{E80B1495-52E9-47B7-AD67-C1E25FE82204}.AppStore|iPhone.ActiveCfg = Release|Any CPU
		{E80B1495-52E9-47B7-AD67-C1E25FE82204}.AppStore|iPhone.Build.0 = Release|Any CPU
		{E80B1495-52E9-47B7-AD67-C1E25FE82204}.AppStore|iPhone.Deploy.0 = Release|Any CPU
		{E80B1495-52E9-47B7-AD67-C1E25FE82204}.AppStore|iPhoneSimulator.ActiveCfg = Release|Any CPU
		{E80B1495-52E9-47B7-AD67-C1E25FE82204}.AppStore|iPhoneSimulator.Build.0 = Release|Any CPU
		{E80B1495-52E9-47B7-AD67-C1E25FE82204}.AppStore|iPhoneSimulator.Deploy.0 = Release|Any CPU
		{E80B1495-52E9-47B7-AD67-C1E25FE82204}.Debug|Any CPU.ActiveCfg = Debug|Any CPU
		{E80B1495-52E9-47B7-AD67-C1E25FE82204}.Debug|Any CPU.Build.0 = Debug|Any CPU
		{E80B1495-52E9-47B7-AD67-C1E25FE82204}.Debug|Any CPU.Deploy.0 = Debug|Any CPU
		{E80B1495-52E9-47B7-AD67-C1E25FE82204}.Debug|iPhone.ActiveCfg = Debug|Any CPU
		{E80B1495-52E9-47B7-AD67-C1E25FE82204}.Debug|iPhone.Build.0 = Debug|Any CPU
		{E80B1495-52E9-47B7-AD67-C1E25FE82204}.Debug|iPhone.Deploy.0 = Debug|Any CPU
		{E80B1495-52E9-47B7-AD67-C1E25FE82204}.Debug|iPhoneSimulator.ActiveCfg = Debug|Any CPU
		{E80B1495-52E9-47B7-AD67-C1E25FE82204}.Debug|iPhoneSimulator.Build.0 = Debug|Any CPU
		{E80B1495-52E9-47B7-AD67-C1E25FE82204}.Debug|iPhoneSimulator.Deploy.0 = Debug|Any CPU
		{E80B1495-52E9-47B7-AD67-C1E25FE82204}.Release|Any CPU.ActiveCfg = Release|Any CPU
		{E80B1495-52E9-47B7-AD67-C1E25FE82204}.Release|Any CPU.Build.0 = Release|Any CPU
		{E80B1495-52E9-47B7-AD67-C1E25FE82204}.Release|Any CPU.Deploy.0 = Release|Any CPU
		{E80B1495-52E9-47B7-AD67-C1E25FE82204}.Release|iPhone.ActiveCfg = Release|Any CPU
		{E80B1495-52E9-47B7-AD67-C1E25FE82204}.Release|iPhone.Build.0 = Release|Any CPU
		{E80B1495-52E9-47B7-AD67-C1E25FE82204}.Release|iPhone.Deploy.0 = Release|Any CPU
		{E80B1495-52E9-47B7-AD67-C1E25FE82204}.Release|iPhoneSimulator.ActiveCfg = Release|Any CPU
		{E80B1495-52E9-47B7-AD67-C1E25FE82204}.Release|iPhoneSimulator.Build.0 = Release|Any CPU
		{E80B1495-52E9-47B7-AD67-C1E25FE82204}.Release|iPhoneSimulator.Deploy.0 = Release|Any CPU
		{DB7DDABD-A1B7-4BBE-BA5B-4AC4352914DE}.Ad-Hoc|Any CPU.ActiveCfg = Ad-Hoc|iPhone
		{DB7DDABD-A1B7-4BBE-BA5B-4AC4352914DE}.Ad-Hoc|Any CPU.Build.0 = Ad-Hoc|iPhone
		{DB7DDABD-A1B7-4BBE-BA5B-4AC4352914DE}.Ad-Hoc|Any CPU.Deploy.0 = Ad-Hoc|iPhone
		{DB7DDABD-A1B7-4BBE-BA5B-4AC4352914DE}.Ad-Hoc|iPhone.ActiveCfg = Ad-Hoc|iPhone
		{DB7DDABD-A1B7-4BBE-BA5B-4AC4352914DE}.Ad-Hoc|iPhone.Build.0 = Ad-Hoc|iPhone
		{DB7DDABD-A1B7-4BBE-BA5B-4AC4352914DE}.Ad-Hoc|iPhone.Deploy.0 = Ad-Hoc|iPhone
		{DB7DDABD-A1B7-4BBE-BA5B-4AC4352914DE}.Ad-Hoc|iPhoneSimulator.ActiveCfg = Ad-Hoc|iPhoneSimulator
		{DB7DDABD-A1B7-4BBE-BA5B-4AC4352914DE}.Ad-Hoc|iPhoneSimulator.Build.0 = Ad-Hoc|iPhoneSimulator
		{DB7DDABD-A1B7-4BBE-BA5B-4AC4352914DE}.Ad-Hoc|iPhoneSimulator.Deploy.0 = Ad-Hoc|iPhoneSimulator
		{DB7DDABD-A1B7-4BBE-BA5B-4AC4352914DE}.AppStore|Any CPU.ActiveCfg = AppStore|iPhone
		{DB7DDABD-A1B7-4BBE-BA5B-4AC4352914DE}.AppStore|Any CPU.Build.0 = AppStore|iPhone
		{DB7DDABD-A1B7-4BBE-BA5B-4AC4352914DE}.AppStore|Any CPU.Deploy.0 = AppStore|iPhone
		{DB7DDABD-A1B7-4BBE-BA5B-4AC4352914DE}.AppStore|iPhone.ActiveCfg = AppStore|iPhone
		{DB7DDABD-A1B7-4BBE-BA5B-4AC4352914DE}.AppStore|iPhone.Build.0 = AppStore|iPhone
		{DB7DDABD-A1B7-4BBE-BA5B-4AC4352914DE}.AppStore|iPhone.Deploy.0 = AppStore|iPhone
		{DB7DDABD-A1B7-4BBE-BA5B-4AC4352914DE}.AppStore|iPhoneSimulator.ActiveCfg = AppStore|iPhoneSimulator
		{DB7DDABD-A1B7-4BBE-BA5B-4AC4352914DE}.AppStore|iPhoneSimulator.Build.0 = AppStore|iPhoneSimulator
		{DB7DDABD-A1B7-4BBE-BA5B-4AC4352914DE}.AppStore|iPhoneSimulator.Deploy.0 = AppStore|iPhoneSimulator
		{DB7DDABD-A1B7-4BBE-BA5B-4AC4352914DE}.Debug|Any CPU.ActiveCfg = Debug|iPhoneSimulator
		{DB7DDABD-A1B7-4BBE-BA5B-4AC4352914DE}.Debug|Any CPU.Build.0 = Debug|iPhoneSimulator
		{DB7DDABD-A1B7-4BBE-BA5B-4AC4352914DE}.Debug|Any CPU.Deploy.0 = Debug|iPhoneSimulator
		{DB7DDABD-A1B7-4BBE-BA5B-4AC4352914DE}.Debug|iPhone.ActiveCfg = Debug|iPhone
		{DB7DDABD-A1B7-4BBE-BA5B-4AC4352914DE}.Debug|iPhone.Build.0 = Debug|iPhone
		{DB7DDABD-A1B7-4BBE-BA5B-4AC4352914DE}.Debug|iPhone.Deploy.0 = Debug|iPhone
		{DB7DDABD-A1B7-4BBE-BA5B-4AC4352914DE}.Debug|iPhoneSimulator.ActiveCfg = Debug|iPhoneSimulator
		{DB7DDABD-A1B7-4BBE-BA5B-4AC4352914DE}.Debug|iPhoneSimulator.Build.0 = Debug|iPhoneSimulator
		{DB7DDABD-A1B7-4BBE-BA5B-4AC4352914DE}.Debug|iPhoneSimulator.Deploy.0 = Debug|iPhoneSimulator
		{DB7DDABD-A1B7-4BBE-BA5B-4AC4352914DE}.Release|Any CPU.ActiveCfg = Release|iPhone
		{DB7DDABD-A1B7-4BBE-BA5B-4AC4352914DE}.Release|Any CPU.Build.0 = Release|iPhone
		{DB7DDABD-A1B7-4BBE-BA5B-4AC4352914DE}.Release|Any CPU.Deploy.0 = Release|iPhone
		{DB7DDABD-A1B7-4BBE-BA5B-4AC4352914DE}.Release|iPhone.ActiveCfg = Release|iPhone
		{DB7DDABD-A1B7-4BBE-BA5B-4AC4352914DE}.Release|iPhone.Build.0 = Release|iPhone
		{DB7DDABD-A1B7-4BBE-BA5B-4AC4352914DE}.Release|iPhone.Deploy.0 = Release|iPhone
		{DB7DDABD-A1B7-4BBE-BA5B-4AC4352914DE}.Release|iPhoneSimulator.ActiveCfg = Release|iPhoneSimulator
		{DB7DDABD-A1B7-4BBE-BA5B-4AC4352914DE}.Release|iPhoneSimulator.Build.0 = Release|iPhoneSimulator
		{DB7DDABD-A1B7-4BBE-BA5B-4AC4352914DE}.Release|iPhoneSimulator.Deploy.0 = Release|iPhoneSimulator
		{C1520C62-C01F-4F46-B29E-E8E91EEA71C6}.Ad-Hoc|Any CPU.ActiveCfg = Debug|Any CPU
		{C1520C62-C01F-4F46-B29E-E8E91EEA71C6}.Ad-Hoc|Any CPU.Build.0 = Debug|Any CPU
		{C1520C62-C01F-4F46-B29E-E8E91EEA71C6}.Ad-Hoc|Any CPU.Deploy.0 = Debug|Any CPU
		{C1520C62-C01F-4F46-B29E-E8E91EEA71C6}.Ad-Hoc|iPhone.ActiveCfg = Debug|Any CPU
		{C1520C62-C01F-4F46-B29E-E8E91EEA71C6}.Ad-Hoc|iPhone.Build.0 = Debug|Any CPU
		{C1520C62-C01F-4F46-B29E-E8E91EEA71C6}.Ad-Hoc|iPhone.Deploy.0 = Debug|Any CPU
		{C1520C62-C01F-4F46-B29E-E8E91EEA71C6}.Ad-Hoc|iPhoneSimulator.ActiveCfg = Debug|Any CPU
		{C1520C62-C01F-4F46-B29E-E8E91EEA71C6}.Ad-Hoc|iPhoneSimulator.Build.0 = Debug|Any CPU
		{C1520C62-C01F-4F46-B29E-E8E91EEA71C6}.Ad-Hoc|iPhoneSimulator.Deploy.0 = Debug|Any CPU
		{C1520C62-C01F-4F46-B29E-E8E91EEA71C6}.AppStore|Any CPU.ActiveCfg = Debug|Any CPU
		{C1520C62-C01F-4F46-B29E-E8E91EEA71C6}.AppStore|Any CPU.Build.0 = Debug|Any CPU
		{C1520C62-C01F-4F46-B29E-E8E91EEA71C6}.AppStore|Any CPU.Deploy.0 = Debug|Any CPU
		{C1520C62-C01F-4F46-B29E-E8E91EEA71C6}.AppStore|iPhone.ActiveCfg = Debug|Any CPU
		{C1520C62-C01F-4F46-B29E-E8E91EEA71C6}.AppStore|iPhone.Build.0 = Debug|Any CPU
		{C1520C62-C01F-4F46-B29E-E8E91EEA71C6}.AppStore|iPhone.Deploy.0 = Debug|Any CPU
		{C1520C62-C01F-4F46-B29E-E8E91EEA71C6}.AppStore|iPhoneSimulator.ActiveCfg = Debug|Any CPU
		{C1520C62-C01F-4F46-B29E-E8E91EEA71C6}.AppStore|iPhoneSimulator.Build.0 = Debug|Any CPU
		{C1520C62-C01F-4F46-B29E-E8E91EEA71C6}.AppStore|iPhoneSimulator.Deploy.0 = Debug|Any CPU
		{C1520C62-C01F-4F46-B29E-E8E91EEA71C6}.Debug|Any CPU.ActiveCfg = Debug|Any CPU
		{C1520C62-C01F-4F46-B29E-E8E91EEA71C6}.Debug|Any CPU.Build.0 = Debug|Any CPU
		{C1520C62-C01F-4F46-B29E-E8E91EEA71C6}.Debug|Any CPU.Deploy.0 = Debug|Any CPU
		{C1520C62-C01F-4F46-B29E-E8E91EEA71C6}.Debug|iPhone.ActiveCfg = Debug|Any CPU
		{C1520C62-C01F-4F46-B29E-E8E91EEA71C6}.Debug|iPhone.Build.0 = Debug|Any CPU
		{C1520C62-C01F-4F46-B29E-E8E91EEA71C6}.Debug|iPhone.Deploy.0 = Debug|Any CPU
		{C1520C62-C01F-4F46-B29E-E8E91EEA71C6}.Debug|iPhoneSimulator.ActiveCfg = Debug|Any CPU
		{C1520C62-C01F-4F46-B29E-E8E91EEA71C6}.Debug|iPhoneSimulator.Build.0 = Debug|Any CPU
		{C1520C62-C01F-4F46-B29E-E8E91EEA71C6}.Debug|iPhoneSimulator.Deploy.0 = Debug|Any CPU
		{C1520C62-C01F-4F46-B29E-E8E91EEA71C6}.Release|Any CPU.ActiveCfg = Release|Any CPU
		{C1520C62-C01F-4F46-B29E-E8E91EEA71C6}.Release|Any CPU.Build.0 = Release|Any CPU
		{C1520C62-C01F-4F46-B29E-E8E91EEA71C6}.Release|Any CPU.Deploy.0 = Release|Any CPU
		{C1520C62-C01F-4F46-B29E-E8E91EEA71C6}.Release|iPhone.ActiveCfg = Release|Any CPU
		{C1520C62-C01F-4F46-B29E-E8E91EEA71C6}.Release|iPhone.Build.0 = Release|Any CPU
		{C1520C62-C01F-4F46-B29E-E8E91EEA71C6}.Release|iPhone.Deploy.0 = Release|Any CPU
		{C1520C62-C01F-4F46-B29E-E8E91EEA71C6}.Release|iPhoneSimulator.ActiveCfg = Release|Any CPU
		{C1520C62-C01F-4F46-B29E-E8E91EEA71C6}.Release|iPhoneSimulator.Build.0 = Release|Any CPU
		{C1520C62-C01F-4F46-B29E-E8E91EEA71C6}.Release|iPhoneSimulator.Deploy.0 = Release|Any CPU
	EndGlobalSection
	GlobalSection(SolutionProperties) = preSolution
		HideSolutionNode = FALSE
	EndGlobalSection
	GlobalSection(ExtensibilityGlobals) = postSolution
		SolutionGuid = {77B2952C-CA09-498A-AC7B-A3C9859D96D0}
	EndGlobalSection
EndGlobal
