
Microsoft Visual Studio Solution File, Format Version 12.00
# Visual Studio 15
VisualStudioVersion = 15.0.28307.1000
MinimumVisualStudioVersion = 10.0.40219.1
Project("{FAE04EC0-301F-11D3-BF4B-00C04F79EFBC}") = "Pocket_Pantry.Android", "Pocket_Pantry\Pocket_Pantry.Android\Pocket_Pantry.Android.csproj", "{6B29A1BC-4EEE-4DC6-8536-947495BD5733}"
EndProject
Project("{FAE04EC0-301F-11D3-BF4B-00C04F79EFBC}") = "Pocket_Pantry.iOS", "Pocket_Pantry\Pocket_Pantry.iOS\Pocket_Pantry.iOS.csproj", "{C4B57B85-A8F2-48C0-AC1B-AAC14AF1759C}"
EndProject
Project("{FAE04EC0-301F-11D3-BF4B-00C04F79EFBC}") = "Pocket_Pantry", "Pocket_Pantry\Pocket_Pantry\Pocket_Pantry.csproj", "{20B6D874-CAB3-422D-BD89-D293536D352C}"
EndProject
Global
	GlobalSection(SolutionConfigurationPlatforms) = preSolution
		Debug|Any CPU = Debug|Any CPU
		Debug|iPhone = Debug|iPhone
		Debug|iPhoneSimulator = Debug|iPhoneSimulator
		Release|Any CPU = Release|Any CPU
		Release|iPhone = Release|iPhone
		Release|iPhoneSimulator = Release|iPhoneSimulator
	EndGlobalSection
	GlobalSection(ProjectConfigurationPlatforms) = postSolution
		{6B29A1BC-4EEE-4DC6-8536-947495BD5733}.Debug|Any CPU.ActiveCfg = Debug|Any CPU
		{6B29A1BC-4EEE-4DC6-8536-947495BD5733}.Debug|Any CPU.Build.0 = Debug|Any CPU
		{6B29A1BC-4EEE-4DC6-8536-947495BD5733}.Debug|Any CPU.Deploy.0 = Debug|Any CPU
		{6B29A1BC-4EEE-4DC6-8536-947495BD5733}.Debug|iPhone.ActiveCfg = Debug|Any CPU
		{6B29A1BC-4EEE-4DC6-8536-947495BD5733}.Debug|iPhone.Build.0 = Debug|Any CPU
		{6B29A1BC-4EEE-4DC6-8536-947495BD5733}.Debug|iPhone.Deploy.0 = Debug|Any CPU
		{6B29A1BC-4EEE-4DC6-8536-947495BD5733}.Debug|iPhoneSimulator.ActiveCfg = Debug|Any CPU
		{6B29A1BC-4EEE-4DC6-8536-947495BD5733}.Debug|iPhoneSimulator.Build.0 = Debug|Any CPU
		{6B29A1BC-4EEE-4DC6-8536-947495BD5733}.Debug|iPhoneSimulator.Deploy.0 = Debug|Any CPU
		{6B29A1BC-4EEE-4DC6-8536-947495BD5733}.Release|Any CPU.ActiveCfg = Release|Any CPU
		{6B29A1BC-4EEE-4DC6-8536-947495BD5733}.Release|Any CPU.Build.0 = Release|Any CPU
		{6B29A1BC-4EEE-4DC6-8536-947495BD5733}.Release|Any CPU.Deploy.0 = Release|Any CPU
		{6B29A1BC-4EEE-4DC6-8536-947495BD5733}.Release|iPhone.ActiveCfg = Release|Any CPU
		{6B29A1BC-4EEE-4DC6-8536-947495BD5733}.Release|iPhone.Build.0 = Release|Any CPU
		{6B29A1BC-4EEE-4DC6-8536-947495BD5733}.Release|iPhone.Deploy.0 = Release|Any CPU
		{6B29A1BC-4EEE-4DC6-8536-947495BD5733}.Release|iPhoneSimulator.ActiveCfg = Release|Any CPU
		{6B29A1BC-4EEE-4DC6-8536-947495BD5733}.Release|iPhoneSimulator.Build.0 = Release|Any CPU
		{6B29A1BC-4EEE-4DC6-8536-947495BD5733}.Release|iPhoneSimulator.Deploy.0 = Release|Any CPU
		{C4B57B85-A8F2-48C0-AC1B-AAC14AF1759C}.Debug|Any CPU.ActiveCfg = Debug|iPhoneSimulator
		{C4B57B85-A8F2-48C0-AC1B-AAC14AF1759C}.Debug|Any CPU.Build.0 = Debug|iPhoneSimulator
		{C4B57B85-A8F2-48C0-AC1B-AAC14AF1759C}.Debug|Any CPU.Deploy.0 = Debug|iPhoneSimulator
		{C4B57B85-A8F2-48C0-AC1B-AAC14AF1759C}.Debug|iPhone.ActiveCfg = Debug|iPhone
		{C4B57B85-A8F2-48C0-AC1B-AAC14AF1759C}.Debug|iPhone.Build.0 = Debug|iPhone
		{C4B57B85-A8F2-48C0-AC1B-AAC14AF1759C}.Debug|iPhone.Deploy.0 = Debug|iPhone
		{C4B57B85-A8F2-48C0-AC1B-AAC14AF1759C}.Debug|iPhoneSimulator.ActiveCfg = Debug|iPhoneSimulator
		{C4B57B85-A8F2-48C0-AC1B-AAC14AF1759C}.Debug|iPhoneSimulator.Build.0 = Debug|iPhoneSimulator
		{C4B57B85-A8F2-48C0-AC1B-AAC14AF1759C}.Debug|iPhoneSimulator.Deploy.0 = Debug|iPhoneSimulator
		{C4B57B85-A8F2-48C0-AC1B-AAC14AF1759C}.Release|Any CPU.ActiveCfg = Release|iPhone
		{C4B57B85-A8F2-48C0-AC1B-AAC14AF1759C}.Release|Any CPU.Build.0 = Release|iPhone
		{C4B57B85-A8F2-48C0-AC1B-AAC14AF1759C}.Release|Any CPU.Deploy.0 = Release|iPhone
		{C4B57B85-A8F2-48C0-AC1B-AAC14AF1759C}.Release|iPhone.ActiveCfg = Release|iPhone
		{C4B57B85-A8F2-48C0-AC1B-AAC14AF1759C}.Release|iPhone.Build.0 = Release|iPhone
		{C4B57B85-A8F2-48C0-AC1B-AAC14AF1759C}.Release|iPhone.Deploy.0 = Release|iPhone
		{C4B57B85-A8F2-48C0-AC1B-AAC14AF1759C}.Release|iPhoneSimulator.ActiveCfg = Release|iPhoneSimulator
		{C4B57B85-A8F2-48C0-AC1B-AAC14AF1759C}.Release|iPhoneSimulator.Build.0 = Release|iPhoneSimulator
		{C4B57B85-A8F2-48C0-AC1B-AAC14AF1759C}.Release|iPhoneSimulator.Deploy.0 = Release|iPhoneSimulator
		{20B6D874-CAB3-422D-BD89-D293536D352C}.Debug|Any CPU.ActiveCfg = Debug|Any CPU
		{20B6D874-CAB3-422D-BD89-D293536D352C}.Debug|Any CPU.Build.0 = Debug|Any CPU
		{20B6D874-CAB3-422D-BD89-D293536D352C}.Debug|Any CPU.Deploy.0 = Debug|Any CPU
		{20B6D874-CAB3-422D-BD89-D293536D352C}.Debug|iPhone.ActiveCfg = Debug|Any CPU
		{20B6D874-CAB3-422D-BD89-D293536D352C}.Debug|iPhone.Build.0 = Debug|Any CPU
		{20B6D874-CAB3-422D-BD89-D293536D352C}.Debug|iPhone.Deploy.0 = Debug|Any CPU
		{20B6D874-CAB3-422D-BD89-D293536D352C}.Debug|iPhoneSimulator.ActiveCfg = Debug|Any CPU
		{20B6D874-CAB3-422D-BD89-D293536D352C}.Debug|iPhoneSimulator.Build.0 = Debug|Any CPU
		{20B6D874-CAB3-422D-BD89-D293536D352C}.Debug|iPhoneSimulator.Deploy.0 = Debug|Any CPU
		{20B6D874-CAB3-422D-BD89-D293536D352C}.Release|Any CPU.ActiveCfg = Release|Any CPU
		{20B6D874-CAB3-422D-BD89-D293536D352C}.Release|Any CPU.Build.0 = Release|Any CPU
		{20B6D874-CAB3-422D-BD89-D293536D352C}.Release|Any CPU.Deploy.0 = Release|Any CPU
		{20B6D874-CAB3-422D-BD89-D293536D352C}.Release|iPhone.ActiveCfg = Release|Any CPU
		{20B6D874-CAB3-422D-BD89-D293536D352C}.Release|iPhone.Build.0 = Release|Any CPU
		{20B6D874-CAB3-422D-BD89-D293536D352C}.Release|iPhone.Deploy.0 = Release|Any CPU
		{20B6D874-CAB3-422D-BD89-D293536D352C}.Release|iPhoneSimulator.ActiveCfg = Release|Any CPU
		{20B6D874-CAB3-422D-BD89-D293536D352C}.Release|iPhoneSimulator.Build.0 = Release|Any CPU
		{20B6D874-CAB3-422D-BD89-D293536D352C}.Release|iPhoneSimulator.Deploy.0 = Release|Any CPU
	EndGlobalSection
	GlobalSection(SolutionProperties) = preSolution
		HideSolutionNode = FALSE
	EndGlobalSection
	GlobalSection(ExtensibilityGlobals) = postSolution
		SolutionGuid = {34472F0E-D725-40D3-9575-C029397D9929}
	EndGlobalSection
EndGlobal
